{
  "name": "@bulletlogic/gatsby-remark-classes",
  "version": "1.0.3",
  "lockfileVersion": 2,
  "requires": true,
  "packages": {
    "": {
      "name": "@bulletlogic/gatsby-remark-classes",
      "version": "1.0.3",
      "license": "MIT",
      "dependencies": {
        "unist-util-select": "^4.0.3"
      },
      "devDependencies": {
        "nth-check": "^2.1.1"
      }
    },
    "node_modules/@types/unist": {
      "version": "2.0.6",
      "resolved": "https://registry.npmjs.org/@types/unist/-/unist-2.0.6.tgz",
      "integrity": "sha512-PBjIUxZHOuj0R15/xuwJYjFi+KZdNFrehocChv4g5hu6aFroHue8m0lBP0POdK2nKzbw0cgV1mws8+V/JAcEkQ=="
    },
    "node_modules/boolbase": {
      "version": "1.0.0",
      "resolved": "https://registry.npmjs.org/boolbase/-/boolbase-1.0.0.tgz",
      "integrity": "sha1-aN/1++YMUes3cl6p4+0xDcwed24="
    },
    "node_modules/css-selector-parser": {
      "version": "1.3.0",
      "resolved": "https://registry.npmjs.org/css-selector-parser/-/css-selector-parser-1.3.0.tgz",
      "integrity": "sha1-XxrUPi2O77/cME/NOaUhZklD4+s=",
      "engines": [
        "node >= 0.4.0"
      ]
    },
    "node_modules/nth-check": {
      "version": "2.1.1",
      "resolved": "https://registry.npmjs.org/nth-check/-/nth-check-2.1.1.tgz",
      "integrity": "sha512-lqjrjmaOoAnWfMmBPL+XNnynZh2+swxiX3WUE0s4yEHI6m+AwrK2UZOimIRl3X/4QctVqS8AiZjFqyOGrMXb/w==",
      "dependencies": {
        "boolbase": "^1.0.0"
      },
      "funding": {
        "url": "https://github.com/fb55/nth-check?sponsor=1"
      }
    },
    "node_modules/unist-util-select": {
      "version": "4.0.3",
      "resolved": "https://registry.npmjs.org/unist-util-select/-/unist-util-select-4.0.3.tgz",
      "integrity": "sha512-1074+K9VyR3NyUz3lgNtHKm7ln+jSZXtLJM4E22uVuoFn88a/Go2pX8dusrt/W+KWH1ncn8jcd8uCQuvXb/fXA==",
      "dependencies": {
        "@types/unist": "^2.0.0",
        "css-selector-parser": "^1.0.0",
        "nth-check": "^2.0.0",
        "zwitch": "^2.0.0"
      },
      "funding": {
        "type": "opencollective",
        "url": "https://opencollective.com/unified"
      }
    },
    "node_modules/zwitch": {
      "version": "2.0.4",
      "resolved": "https://registry.npmjs.org/zwitch/-/zwitch-2.0.4.tgz",
      "integrity": "sha512-bXE4cR/kVZhKZX/RjPEflHaKVhUVl85noU3v6b8apfQEc1x4A+zBxjZ4lN8LqGd6WZ3dl98pY4o717VFmoPp+A==",
      "funding": {
        "type": "github",
        "url": "https://github.com/sponsors/wooorm"
      }
    }
  },
  "dependencies": {
    "@types/unist": {
      "version": "2.0.6",
      "resolved": "https://registry.npmjs.org/@types/unist/-/unist-2.0.6.tgz",
      "integrity": "sha512-PBjIUxZHOuj0R15/xuwJYjFi+KZdNFrehocChv4g5hu6aFroHue8m0lBP0POdK2nKzbw0cgV1mws8+V/JAcEkQ=="
    },
    "boolbase": {
      "version": "1.0.0",
      "resolved": "https://registry.npmjs.org/boolbase/-/boolbase-1.0.0.tgz",
      "integrity": "sha1-aN/1++YMUes3cl6p4+0xDcwed24="
    },
    "css-selector-parser": {
      "version": "1.3.0",
      "resolved": "https://registry.npmjs.org/css-selector-parser/-/css-selector-parser-1.3.0.tgz",
      "integrity": "sha1-XxrUPi2O77/cME/NOaUhZklD4+s="
    },
    "nth-check": {
      "version": "2.1.1",
      "resolved": "https://registry.npmjs.org/nth-check/-/nth-check-2.1.1.tgz",
      "integrity": "sha512-lqjrjmaOoAnWfMmBPL+XNnynZh2+swxiX3WUE0s4yEHI6m+AwrK2UZOimIRl3X/4QctVqS8AiZjFqyOGrMXb/w==",
      "requires": {
        "boolbase": "^1.0.0"
      }
    },
    "unist-util-select": {
      "version": "4.0.3",
      "resolved": "https://registry.npmjs.org/unist-util-select/-/unist-util-select-4.0.3.tgz",
      "integrity": "sha512-1074+K9VyR3NyUz3lgNtHKm7ln+jSZXtLJM4E22uVuoFn88a/Go2pX8dusrt/W+KWH1ncn8jcd8uCQuvXb/fXA==",
      "requires": {
        "@types/unist": "^2.0.0",
        "css-selector-parser": "^1.0.0",
        "nth-check": "^2.0.0",
        "zwitch": "^2.0.0"
      }
    },
    "zwitch": {
      "version": "2.0.4",
      "resolved": "https://registry.npmjs.org/zwitch/-/zwitch-2.0.4.tgz",
      "integrity": "sha512-bXE4cR/kVZhKZX/RjPEflHaKVhUVl85noU3v6b8apfQEc1x4A+zBxjZ4lN8LqGd6WZ3dl98pY4o717VFmoPp+A=="
    }
  }
}
